// !$*UTF8*$!
{
	archiveVersion = 1;
	classes = {
	};
	objectVersion = 51;
	objects = {

/* Begin PBXBuildFile section */
		1C0AA03E236CA2F6006691F3 /* PopupViewController.swift in Sources */ = {isa = PBXBuildFile; fileRef = 1C0AA03D236CA2F6006691F3 /* PopupViewController.swift */; };
		1C4790022362AAE200243684 /* FavoriteViewController.swift in Sources */ = {isa = PBXBuildFile; fileRef = 1C4790012362AAE200243684 /* FavoriteViewController.swift */; };
		1C4790042362ADC000243684 /* TrainName.swift in Sources */ = {isa = PBXBuildFile; fileRef = 1C4790032362ADC000243684 /* TrainName.swift */; };
		1C65D44D2358D90E00A66E57 /* WeatherConnect.swift in Sources */ = {isa = PBXBuildFile; fileRef = 1C65D44C2358D90E00A66E57 /* WeatherConnect.swift */; };
		1C8565672347059B0022B6D5 /* AppDelegate.swift in Sources */ = {isa = PBXBuildFile; fileRef = 1C8565662347059B0022B6D5 /* AppDelegate.swift */; };
		1C8565692347059B0022B6D5 /* SceneDelegate.swift in Sources */ = {isa = PBXBuildFile; fileRef = 1C8565682347059B0022B6D5 /* SceneDelegate.swift */; };
		1C85656B2347059B0022B6D5 /* ViewController.swift in Sources */ = {isa = PBXBuildFile; fileRef = 1C85656A2347059B0022B6D5 /* ViewController.swift */; };
		1C85657D234705FB0022B6D5 /* CurrentTime.swift in Sources */ = {isa = PBXBuildFile; fileRef = 1C85657C234705FB0022B6D5 /* CurrentTime.swift */; };
		1C85657F234706080022B6D5 /* Alarm.swift in Sources */ = {isa = PBXBuildFile; fileRef = 1C85657E234706080022B6D5 /* Alarm.swift */; };
		1C8565832347061D0022B6D5 /* SleepViewController.swift in Sources */ = {isa = PBXBuildFile; fileRef = 1C8565822347061D0022B6D5 /* SleepViewController.swift */; };
		1C8565852347062E0022B6D5 /* HomeViewController.swift in Sources */ = {isa = PBXBuildFile; fileRef = 1C8565842347062E0022B6D5 /* HomeViewController.swift */; };
		1C85658A234706DE0022B6D5 /* TrainViewController.swift in Sources */ = {isa = PBXBuildFile; fileRef = 1C856589234706DE0022B6D5 /* TrainViewController.swift */; };
		1C85658C23470E800022B6D5 /* ExplainViewController.swift in Sources */ = {isa = PBXBuildFile; fileRef = 1C85658B23470E7F0022B6D5 /* ExplainViewController.swift */; };
		1C85658E234710180022B6D5 /* SetUP.storyboard in Resources */ = {isa = PBXBuildFile; fileRef = 1C85658D234710180022B6D5 /* SetUP.storyboard */; };
		1C8565902347109F0022B6D5 /* 画像 in Resources */ = {isa = PBXBuildFile; fileRef = 1C85658F2347109F0022B6D5 /* 画像 */; };
		1C856595234B02920022B6D5 /* Clock-Alarm05-2(Low).mp3 in Resources */ = {isa = PBXBuildFile; fileRef = 1C856594234B02920022B6D5 /* Clock-Alarm05-2(Low).mp3 */; };
		1C85659D234C5F950022B6D5 /* SelectViewController.swift in Sources */ = {isa = PBXBuildFile; fileRef = 1C85659C234C5F950022B6D5 /* SelectViewController.swift */; };
		1CA230F12356B4F1002AF16E /* alerm1.mp3 in Resources */ = {isa = PBXBuildFile; fileRef = 1CA230F02356B4F1002AF16E /* alerm1.mp3 */; };
		1CA230F323583C96002AF16E /* OdaViewController.swift in Sources */ = {isa = PBXBuildFile; fileRef = 1CA230F223583C95002AF16E /* OdaViewController.swift */; };
		1CA230F523584471002AF16E /* MetoroViewController.swift in Sources */ = {isa = PBXBuildFile; fileRef = 1CA230F423584471002AF16E /* MetoroViewController.swift */; };
		1CAD23F82363061700FE3877 /* Assets.xcassets in Resources */ = {isa = PBXBuildFile; fileRef = 1CAD23F72363061700FE3877 /* Assets.xcassets */; };
		1CF48F63235EE6760056EE3B /* Mainstory.storyboard in Resources */ = {isa = PBXBuildFile; fileRef = 1CF48F61235EE6750056EE3B /* Mainstory.storyboard */; };
		1CF48F65235FED810056EE3B /* SetViewController.swift in Sources */ = {isa = PBXBuildFile; fileRef = 1CF48F64235FED810056EE3B /* SetViewController.swift */; };
		1CF48F6723600C580056EE3B /* quicklyViewController.swift in Sources */ = {isa = PBXBuildFile; fileRef = 1CF48F6623600C580056EE3B /* quicklyViewController.swift */; };
		1CFC807E234FA05800DA9F1A /* NetConnect.swift in Sources */ = {isa = PBXBuildFile; fileRef = 1CFC807D234FA05800DA9F1A /* NetConnect.swift */; };
		7CA51C4FC84AA6714A6391DF /* Pods_traindeta.framework in Frameworks */ = {isa = PBXBuildFile; fileRef = B04F2494F2CD27C91C4074E9 /* Pods_traindeta.framework */; };
/* End PBXBuildFile section */

/* Begin PBXFileReference section */
		1C0AA03D236CA2F6006691F3 /* PopupViewController.swift */ = {isa = PBXFileReference; lastKnownFileType = sourcecode.swift; path = PopupViewController.swift; sourceTree = "<group>"; };
		1C4790012362AAE200243684 /* FavoriteViewController.swift */ = {isa = PBXFileReference; lastKnownFileType = sourcecode.swift; path = FavoriteViewController.swift; sourceTree = "<group>"; };
		1C4790032362ADC000243684 /* TrainName.swift */ = {isa = PBXFileReference; lastKnownFileType = sourcecode.swift; path = TrainName.swift; sourceTree = "<group>"; };
		1C65D44C2358D90E00A66E57 /* WeatherConnect.swift */ = {isa = PBXFileReference; lastKnownFileType = sourcecode.swift; path = WeatherConnect.swift; sourceTree = "<group>"; };
		1C8565632347059B0022B6D5 /* あらーむ.app */ = {isa = PBXFileReference; explicitFileType = wrapper.application; includeInIndex = 0; path = "あらーむ.app"; sourceTree = BUILT_PRODUCTS_DIR; };
		1C8565662347059B0022B6D5 /* AppDelegate.swift */ = {isa = PBXFileReference; lastKnownFileType = sourcecode.swift; path = AppDelegate.swift; sourceTree = "<group>"; };
		1C8565682347059B0022B6D5 /* SceneDelegate.swift */ = {isa = PBXFileReference; lastKnownFileType = sourcecode.swift; path = SceneDelegate.swift; sourceTree = "<group>"; };
		1C85656A2347059B0022B6D5 /* ViewController.swift */ = {isa = PBXFileReference; lastKnownFileType = sourcecode.swift; path = ViewController.swift; sourceTree = "<group>"; };
		1C8565742347059E0022B6D5 /* Info.plist */ = {isa = PBXFileReference; lastKnownFileType = text.plist.xml; path = Info.plist; sourceTree = "<group>"; };
		1C85657C234705FB0022B6D5 /* CurrentTime.swift */ = {isa = PBXFileReference; fileEncoding = 4; lastKnownFileType = sourcecode.swift; name = CurrentTime.swift; path = Components/CurrentTime.swift; sourceTree = "<group>"; };
		1C85657E234706080022B6D5 /* Alarm.swift */ = {isa = PBXFileReference; fileEncoding = 4; lastKnownFileType = sourcecode.swift; name = Alarm.swift; path = Components/Alarm.swift; sourceTree = "<group>"; };
		1C8565822347061D0022B6D5 /* SleepViewController.swift */ = {isa = PBXFileReference; fileEncoding = 4; lastKnownFileType = sourcecode.swift; name = SleepViewController.swift; path = Components/SleepViewController.swift; sourceTree = "<group>"; };
		1C8565842347062E0022B6D5 /* HomeViewController.swift */ = {isa = PBXFileReference; fileEncoding = 4; lastKnownFileType = sourcecode.swift; name = HomeViewController.swift; path = Components/HomeViewController.swift; sourceTree = "<group>"; };
		1C856589234706DE0022B6D5 /* TrainViewController.swift */ = {isa = PBXFileReference; fileEncoding = 4; lastKnownFileType = sourcecode.swift; name = TrainViewController.swift; path = Components/TrainViewController.swift; sourceTree = "<group>"; };
		1C85658B23470E7F0022B6D5 /* ExplainViewController.swift */ = {isa = PBXFileReference; fileEncoding = 4; lastKnownFileType = sourcecode.swift; name = ExplainViewController.swift; path = Components/ExplainViewController.swift; sourceTree = "<group>"; };
		1C85658D234710180022B6D5 /* SetUP.storyboard */ = {isa = PBXFileReference; lastKnownFileType = file.storyboard; path = SetUP.storyboard; sourceTree = "<group>"; };
		1C85658F2347109F0022B6D5 /* 画像 */ = {isa = PBXFileReference; fileEncoding = 4; lastKnownFileType = text; path = "画像"; sourceTree = SOURCE_ROOT; };
		1C856594234B02920022B6D5 /* Clock-Alarm05-2(Low).mp3 */ = {isa = PBXFileReference; lastKnownFileType = audio.mp3; name = "Clock-Alarm05-2(Low).mp3"; path = "../../../Downloads/Clock-Alarm05-mp3 (1)/Clock-Alarm05-2(Low).mp3"; sourceTree = "<group>"; };
		1C85659C234C5F950022B6D5 /* SelectViewController.swift */ = {isa = PBXFileReference; lastKnownFileType = sourcecode.swift; path = SelectViewController.swift; sourceTree = "<group>"; };
		1CA230F02356B4F1002AF16E /* alerm1.mp3 */ = {isa = PBXFileReference; lastKnownFileType = audio.mp3; path = alerm1.mp3; sourceTree = "<group>"; };
		1CA230F223583C95002AF16E /* OdaViewController.swift */ = {isa = PBXFileReference; lastKnownFileType = sourcecode.swift; path = OdaViewController.swift; sourceTree = "<group>"; };
		1CA230F423584471002AF16E /* MetoroViewController.swift */ = {isa = PBXFileReference; lastKnownFileType = sourcecode.swift; path = MetoroViewController.swift; sourceTree = "<group>"; };
		1CAD23F72363061700FE3877 /* Assets.xcassets */ = {isa = PBXFileReference; lastKnownFileType = folder.assetcatalog; path = Assets.xcassets; sourceTree = "<group>"; };
		1CF48F62235EE6760056EE3B /* Base */ = {isa = PBXFileReference; lastKnownFileType = file.storyboard; name = Base; path = Components/Base.lproj/Mainstory.storyboard; sourceTree = "<group>"; };
		1CF48F64235FED810056EE3B /* SetViewController.swift */ = {isa = PBXFileReference; fileEncoding = 4; lastKnownFileType = sourcecode.swift; path = SetViewController.swift; sourceTree = "<group>"; };
		1CF48F6623600C580056EE3B /* quicklyViewController.swift */ = {isa = PBXFileReference; lastKnownFileType = sourcecode.swift; path = quicklyViewController.swift; sourceTree = "<group>"; };
		1CFC807D234FA05800DA9F1A /* NetConnect.swift */ = {isa = PBXFileReference; lastKnownFileType = sourcecode.swift; path = NetConnect.swift; sourceTree = "<group>"; };
		32C0135A81E1311AFAC8A573 /* Pods-traindeta.debug.xcconfig */ = {isa = PBXFileReference; includeInIndex = 1; lastKnownFileType = text.xcconfig; name = "Pods-traindeta.debug.xcconfig"; path = "Target Support Files/Pods-traindeta/Pods-traindeta.debug.xcconfig"; sourceTree = "<group>"; };
		7903B50D436911E86054B10D /* Pods-traindeta.release.xcconfig */ = {isa = PBXFileReference; includeInIndex = 1; lastKnownFileType = text.xcconfig; name = "Pods-traindeta.release.xcconfig"; path = "Target Support Files/Pods-traindeta/Pods-traindeta.release.xcconfig"; sourceTree = "<group>"; };
		B04F2494F2CD27C91C4074E9 /* Pods_traindeta.framework */ = {isa = PBXFileReference; explicitFileType = wrapper.framework; includeInIndex = 0; path = Pods_traindeta.framework; sourceTree = BUILT_PRODUCTS_DIR; };
/* End PBXFileReference section */

/* Begin PBXFrameworksBuildPhase section */
		1C8565602347059B0022B6D5 /* Frameworks */ = {
			isa = PBXFrameworksBuildPhase;
			buildActionMask = 2147483647;
			files = (
				7CA51C4FC84AA6714A6391DF /* Pods_traindeta.framework in Frameworks */,
			);
			runOnlyForDeploymentPostprocessing = 0;
		};
/* End PBXFrameworksBuildPhase section */

/* Begin PBXGroup section */
		1C85655A2347059B0022B6D5 = {
			isa = PBXGroup;
			children = (
				1C8565652347059B0022B6D5 /* traindeta */,
				1C8565642347059B0022B6D5 /* Products */,
				4D8DB89AC7E66AF50B71703D /* Pods */,
				44BC08B8052DC4C77C466E22 /* Frameworks */,
			);
			sourceTree = "<group>";
		};
		1C8565642347059B0022B6D5 /* Products */ = {
			isa = PBXGroup;
			children = (
				1C8565632347059B0022B6D5 /* あらーむ.app */,
			);
			name = Products;
			sourceTree = "<group>";
		};
		1C8565652347059B0022B6D5 /* traindeta */ = {
			isa = PBXGroup;
			children = (
				1CAD23F72363061700FE3877 /* Assets.xcassets */,
				1C8565662347059B0022B6D5 /* AppDelegate.swift */,
				1C8565682347059B0022B6D5 /* SceneDelegate.swift */,
				1C85656A2347059B0022B6D5 /* ViewController.swift */,
				1C8565822347061D0022B6D5 /* SleepViewController.swift */,
				1C8565842347062E0022B6D5 /* HomeViewController.swift */,
				1C85658B23470E7F0022B6D5 /* ExplainViewController.swift */,
				1C856589234706DE0022B6D5 /* TrainViewController.swift */,
				1CA230F223583C95002AF16E /* OdaViewController.swift */,
				1CA230F423584471002AF16E /* MetoroViewController.swift */,
				1C85659C234C5F950022B6D5 /* SelectViewController.swift */,
				1CF48F6623600C580056EE3B /* quicklyViewController.swift */,
				1CF48F64235FED810056EE3B /* SetViewController.swift */,
				1C4790012362AAE200243684 /* FavoriteViewController.swift */,
				1C0AA03D236CA2F6006691F3 /* PopupViewController.swift */,
				1CF48F61235EE6750056EE3B /* Mainstory.storyboard */,
				1C8565742347059E0022B6D5 /* Info.plist */,
				1C4790032362ADC000243684 /* TrainName.swift */,
				1C85657E234706080022B6D5 /* Alarm.swift */,
				1C65D44C2358D90E00A66E57 /* WeatherConnect.swift */,
				1CFC807D234FA05800DA9F1A /* NetConnect.swift */,
				1C85657C234705FB0022B6D5 /* CurrentTime.swift */,
				1C85658D234710180022B6D5 /* SetUP.storyboard */,
				1CA230F02356B4F1002AF16E /* alerm1.mp3 */,
				1C856594234B02920022B6D5 /* Clock-Alarm05-2(Low).mp3 */,
				1C85658F2347109F0022B6D5 /* 画像 */,
			);
			path = traindeta;
			sourceTree = "<group>";
		};
		44BC08B8052DC4C77C466E22 /* Frameworks */ = {
			isa = PBXGroup;
			children = (
				B04F2494F2CD27C91C4074E9 /* Pods_traindeta.framework */,
			);
			name = Frameworks;
			sourceTree = "<group>";
		};
		4D8DB89AC7E66AF50B71703D /* Pods */ = {
			isa = PBXGroup;
			children = (
				32C0135A81E1311AFAC8A573 /* Pods-traindeta.debug.xcconfig */,
				7903B50D436911E86054B10D /* Pods-traindeta.release.xcconfig */,
			);
			path = Pods;
			sourceTree = "<group>";
		};
/* End PBXGroup section */

/* Begin PBXNativeTarget section */
		1C8565622347059B0022B6D5 /* traindeta */ = {
			isa = PBXNativeTarget;
			buildConfigurationList = 1C8565772347059E0022B6D5 /* Build configuration list for PBXNativeTarget "traindeta" */;
			buildPhases = (
				B1192BAC22EA716B1F8C9E1E /* [CP] Check Pods Manifest.lock */,
				1C85655F2347059B0022B6D5 /* Sources */,
				1C8565602347059B0022B6D5 /* Frameworks */,
				1C8565612347059B0022B6D5 /* Resources */,
				05AC1CA8E1112576A14DAD92 /* [CP] Embed Pods Frameworks */,
			);
			buildRules = (
			);
			dependencies = (
			);
			name = traindeta;
			productName = traindeta;
			productReference = 1C8565632347059B0022B6D5 /* あらーむ.app */;
			productType = "com.apple.product-type.application";
		};
/* End PBXNativeTarget section */

/* Begin PBXProject section */
		1C85655B2347059B0022B6D5 /* Project object */ = {
			isa = PBXProject;
			attributes = {
				LastSwiftUpdateCheck = 1100;
				LastUpgradeCheck = 1100;
				ORGANIZATIONNAME = "熊谷里哉";
				TargetAttributes = {
					1C8565622347059B0022B6D5 = {
						CreatedOnToolsVersion = 11.0;
					};
				};
			};
			buildConfigurationList = 1C85655E2347059B0022B6D5 /* Build configuration list for PBXProject "traindeta" */;
			compatibilityVersion = "Xcode 9.3";
			developmentRegion = en;
			hasScannedForEncodings = 0;
			knownRegions = (
				en,
				Base,
			);
			mainGroup = 1C85655A2347059B0022B6D5;
			productRefGroup = 1C8565642347059B0022B6D5 /* Products */;
			projectDirPath = "";
			projectRoot = "";
			targets = (
				1C8565622347059B0022B6D5 /* traindeta */,
			);
		};
/* End PBXProject section */

/* Begin PBXResourcesBuildPhase section */
		1C8565612347059B0022B6D5 /* Resources */ = {
			isa = PBXResourcesBuildPhase;
			buildActionMask = 2147483647;
			files = (
				1C8565902347109F0022B6D5 /* 画像 in Resources */,
				1C856595234B02920022B6D5 /* Clock-Alarm05-2(Low).mp3 in Resources */,
				1C85658E234710180022B6D5 /* SetUP.storyboard in Resources */,
				1CA230F12356B4F1002AF16E /* alerm1.mp3 in Resources */,
				1CAD23F82363061700FE3877 /* Assets.xcassets in Resources */,
				1CF48F63235EE6760056EE3B /* Mainstory.storyboard in Resources */,
			);
			runOnlyForDeploymentPostprocessing = 0;
		};
/* End PBXResourcesBuildPhase section */

/* Begin PBXShellScriptBuildPhase section */
		05AC1CA8E1112576A14DAD92 /* [CP] Embed Pods Frameworks */ = {
			isa = PBXShellScriptBuildPhase;
			buildActionMask = 2147483647;
			files = (
			);
			inputFileListPaths = (
				"${PODS_ROOT}/Target Support Files/Pods-traindeta/Pods-traindeta-frameworks-${CONFIGURATION}-input-files.xcfilelist",
			);
			name = "[CP] Embed Pods Frameworks";
			outputFileListPaths = (
				"${PODS_ROOT}/Target Support Files/Pods-traindeta/Pods-traindeta-frameworks-${CONFIGURATION}-output-files.xcfilelist",
			);
			runOnlyForDeploymentPostprocessing = 0;
			shellPath = /bin/sh;
			shellScript = "\"${PODS_ROOT}/Target Support Files/Pods-traindeta/Pods-traindeta-frameworks.sh\"\n";
			showEnvVarsInLog = 0;
		};
		B1192BAC22EA716B1F8C9E1E /* [CP] Check Pods Manifest.lock */ = {
			isa = PBXShellScriptBuildPhase;
			buildActionMask = 2147483647;
			files = (
			);
			inputFileListPaths = (
			);
			inputPaths = (
				"${PODS_PODFILE_DIR_PATH}/Podfile.lock",
				"${PODS_ROOT}/Manifest.lock",
			);
			name = "[CP] Check Pods Manifest.lock";
			outputFileListPaths = (
			);
			outputPaths = (
				"$(DERIVED_FILE_DIR)/Pods-traindeta-checkManifestLockResult.txt",
			);
			runOnlyForDeploymentPostprocessing = 0;
			shellPath = /bin/sh;
			shellScript = "diff \"${PODS_PODFILE_DIR_PATH}/Podfile.lock\" \"${PODS_ROOT}/Manifest.lock\" > /dev/null\nif [ $? != 0 ] ; then\n    # print error to STDERR\n    echo \"error: The sandbox is not in sync with the Podfile.lock. Run 'pod install' or update your CocoaPods installation.\" >&2\n    exit 1\nfi\n# This output is used by Xcode 'outputs' to avoid re-running this script phase.\necho \"SUCCESS\" > \"${SCRIPT_OUTPUT_FILE_0}\"\n";
			showEnvVarsInLog = 0;
		};
/* End PBXShellScriptBuildPhase section */

/* Begin PBXSourcesBuildPhase section */
		1C85655F2347059B0022B6D5 /* Sources */ = {
			isa = PBXSourcesBuildPhase;
			buildActionMask = 2147483647;
			files = (
				1CA230F323583C96002AF16E /* OdaViewController.swift in Sources */,
				1C0AA03E236CA2F6006691F3 /* PopupViewController.swift in Sources */,
				1CF48F65235FED810056EE3B /* SetViewController.swift in Sources */,
				1C85657D234705FB0022B6D5 /* CurrentTime.swift in Sources */,
				1C85656B2347059B0022B6D5 /* ViewController.swift in Sources */,
				1C8565672347059B0022B6D5 /* AppDelegate.swift in Sources */,
				1CA230F523584471002AF16E /* MetoroViewController.swift in Sources */,
				1C8565692347059B0022B6D5 /* SceneDelegate.swift in Sources */,
				1CF48F6723600C580056EE3B /* quicklyViewController.swift in Sources */,
				1C65D44D2358D90E00A66E57 /* WeatherConnect.swift in Sources */,
				1C4790042362ADC000243684 /* TrainName.swift in Sources */,
				1CFC807E234FA05800DA9F1A /* NetConnect.swift in Sources */,
				1C85659D234C5F950022B6D5 /* SelectViewController.swift in Sources */,
				1C8565832347061D0022B6D5 /* SleepViewController.swift in Sources */,
				1C4790022362AAE200243684 /* FavoriteViewController.swift in Sources */,
				1C8565852347062E0022B6D5 /* HomeViewController.swift in Sources */,
				1C85658A234706DE0022B6D5 /* TrainViewController.swift in Sources */,
				1C85657F234706080022B6D5 /* Alarm.swift in Sources */,
				1C85658C23470E800022B6D5 /* ExplainViewController.swift in Sources */,
			);
			runOnlyForDeploymentPostprocessing = 0;
		};
/* End PBXSourcesBuildPhase section */

/* Begin PBXVariantGroup section */
		1CF48F61235EE6750056EE3B /* Mainstory.storyboard */ = {
			isa = PBXVariantGroup;
			children = (
				1CF48F62235EE6760056EE3B /* Base */,
			);
			name = Mainstory.storyboard;
			sourceTree = "<group>";
		};
/* End PBXVariantGroup section */

/* Begin XCBuildConfiguration section */
		1C8565752347059E0022B6D5 /* Debug */ = {
			isa = XCBuildConfiguration;
			buildSettings = {
				ALWAYS_SEARCH_USER_PATHS = NO;
				CLANG_ANALYZER_NONNULL = YES;
				CLANG_ANALYZER_NUMBER_OBJECT_CONVERSION = YES_AGGRESSIVE;
				CLANG_CXX_LANGUAGE_STANDARD = "gnu++14";
				CLANG_CXX_LIBRARY = "libc++";
				CLANG_ENABLE_MODULES = YES;
				CLANG_ENABLE_OBJC_ARC = YES;
				CLANG_ENABLE_OBJC_WEAK = YES;
				CLANG_WARN_BLOCK_CAPTURE_AUTORELEASING = YES;
				CLANG_WARN_BOOL_CONVERSION = YES;
				CLANG_WARN_COMMA = YES;
				CLANG_WARN_CONSTANT_CONVERSION = YES;
				CLANG_WARN_DEPRECATED_OBJC_IMPLEMENTATIONS = YES;
				CLANG_WARN_DIRECT_OBJC_ISA_USAGE = YES_ERROR;
				CLANG_WARN_DOCUMENTATION_COMMENTS = YES;
				CLANG_WARN_EMPTY_BODY = YES;
				CLANG_WARN_ENUM_CONVERSION = YES;
				CLANG_WARN_INFINITE_RECURSION = YES;
				CLANG_WARN_INT_CONVERSION = YES;
				CLANG_WARN_NON_LITERAL_NULL_CONVERSION = YES;
				CLANG_WARN_OBJC_IMPLICIT_RETAIN_SELF = YES;
				CLANG_WARN_OBJC_LITERAL_CONVERSION = YES;
				CLANG_WARN_OBJC_ROOT_CLASS = YES_ERROR;
				CLANG_WARN_RANGE_LOOP_ANALYSIS = YES;
				CLANG_WARN_STRICT_PROTOTYPES = YES;
				CLANG_WARN_SUSPICIOUS_MOVE = YES;
				CLANG_WARN_UNGUARDED_AVAILABILITY = YES_AGGRESSIVE;
				CLANG_WARN_UNREACHABLE_CODE = YES;
				CLANG_WARN__DUPLICATE_METHOD_MATCH = YES;
				COPY_PHASE_STRIP = NO;
				DEBUG_INFORMATION_FORMAT = dwarf;
				ENABLE_STRICT_OBJC_MSGSEND = YES;
				ENABLE_TESTABILITY = YES;
				GCC_C_LANGUAGE_STANDARD = gnu11;
				GCC_DYNAMIC_NO_PIC = NO;
				GCC_NO_COMMON_BLOCKS = YES;
				GCC_OPTIMIZATION_LEVEL = 0;
				GCC_PREPROCESSOR_DEFINITIONS = (
					"DEBUG=1",
					"$(inherited)",
				);
				GCC_WARN_64_TO_32_BIT_CONVERSION = YES;
				GCC_WARN_ABOUT_RETURN_TYPE = YES_ERROR;
				GCC_WARN_UNDECLARED_SELECTOR = YES;
				GCC_WARN_UNINITIALIZED_AUTOS = YES_AGGRESSIVE;
				GCC_WARN_UNUSED_FUNCTION = YES;
				GCC_WARN_UNUSED_VARIABLE = YES;
				IPHONEOS_DEPLOYMENT_TARGET = 13.2;
				MTL_ENABLE_DEBUG_INFO = INCLUDE_SOURCE;
				MTL_FAST_MATH = YES;
				ONLY_ACTIVE_ARCH = YES;
				SDKROOT = iphoneos;
				SWIFT_ACTIVE_COMPILATION_CONDITIONS = DEBUG;
				SWIFT_OPTIMIZATION_LEVEL = "-Onone";
			};
			name = Debug;
		};
		1C8565762347059E0022B6D5 /* Release */ = {
			isa = XCBuildConfiguration;
			buildSettings = {
				ALWAYS_SEARCH_USER_PATHS = NO;
				CLANG_ANALYZER_NONNULL = YES;
				CLANG_ANALYZER_NUMBER_OBJECT_CONVERSION = YES_AGGRESSIVE;
				CLANG_CXX_LANGUAGE_STANDARD = "gnu++14";
				CLANG_CXX_LIBRARY = "libc++";
				CLANG_ENABLE_MODULES = YES;
				CLANG_ENABLE_OBJC_ARC = YES;
				CLANG_ENABLE_OBJC_WEAK = YES;
				CLANG_WARN_BLOCK_CAPTURE_AUTORELEASING = YES;
				CLANG_WARN_BOOL_CONVERSION = YES;
				CLANG_WARN_COMMA = YES;
				CLANG_WARN_CONSTANT_CONVERSION = YES;
				CLANG_WARN_DEPRECATED_OBJC_IMPLEMENTATIONS = YES;
				CLANG_WARN_DIRECT_OBJC_ISA_USAGE = YES_ERROR;
				CLANG_WARN_DOCUMENTATION_COMMENTS = YES;
				CLANG_WARN_EMPTY_BODY = YES;
				CLANG_WARN_ENUM_CONVERSION = YES;
				CLANG_WARN_INFINITE_RECURSION = YES;
				CLANG_WARN_INT_CONVERSION = YES;
				CLANG_WARN_NON_LITERAL_NULL_CONVERSION = YES;
				CLANG_WARN_OBJC_IMPLICIT_RETAIN_SELF = YES;
				CLANG_WARN_OBJC_LITERAL_CONVERSION = YES;
				CLANG_WARN_OBJC_ROOT_CLASS = YES_ERROR;
				CLANG_WARN_RANGE_LOOP_ANALYSIS = YES;
				CLANG_WARN_STRICT_PROTOTYPES = YES;
				CLANG_WARN_SUSPICIOUS_MOVE = YES;
				CLANG_WARN_UNGUARDED_AVAILABILITY = YES_AGGRESSIVE;
				CLANG_WARN_UNREACHABLE_CODE = YES;
				CLANG_WARN__DUPLICATE_METHOD_MATCH = YES;
				COPY_PHASE_STRIP = NO;
				DEBUG_INFORMATION_FORMAT = "dwarf-with-dsym";
				ENABLE_NS_ASSERTIONS = NO;
				ENABLE_STRICT_OBJC_MSGSEND = YES;
				GCC_C_LANGUAGE_STANDARD = gnu11;
				GCC_NO_COMMON_BLOCKS = YES;
				GCC_WARN_64_TO_32_BIT_CONVERSION = YES;
				GCC_WARN_ABOUT_RETURN_TYPE = YES_ERROR;
				GCC_WARN_UNDECLARED_SELECTOR = YES;
				GCC_WARN_UNINITIALIZED_AUTOS = YES_AGGRESSIVE;
				GCC_WARN_UNUSED_FUNCTION = YES;
				GCC_WARN_UNUSED_VARIABLE = YES;
				IPHONEOS_DEPLOYMENT_TARGET = 13.2;
				MTL_ENABLE_DEBUG_INFO = NO;
				MTL_FAST_MATH = YES;
				SDKROOT = iphoneos;
				SWIFT_COMPILATION_MODE = wholemodule;
				SWIFT_OPTIMIZATION_LEVEL = "-O";
				VALIDATE_PRODUCT = YES;
			};
			name = Release;
		};
		1C8565782347059E0022B6D5 /* Debug */ = {
			isa = XCBuildConfiguration;
			baseConfigurationReference = 32C0135A81E1311AFAC8A573 /* Pods-traindeta.debug.xcconfig */;
			buildSettings = {
				ASSETCATALOG_COMPILER_APPICON_NAME = AppIcon;
				CODE_SIGN_STYLE = Automatic;
				DEVELOPMENT_TEAM = XX839W737T;
				INFOPLIST_FILE = traindeta/Info.plist;
				LD_RUNPATH_SEARCH_PATHS = (
					"$(inherited)",
					"@executable_path/Frameworks",
				);
				PRODUCT_BUNDLE_IDENTIFIER = l.traindeta;
				PRODUCT_NAME = "あらーむ";
				SWIFT_VERSION = 5.0;
				TARGETED_DEVICE_FAMILY = "1,2";
			};
			name = Debug;
		};
		1C8565792347059E0022B6D5 /* Release */ = {
			isa = XCBuildConfiguration;
			baseConfigurationReference = 7903B50D436911E86054B10D /* Pods-traindeta.release.xcconfig */;
			buildSettings = {
				ASSETCATALOG_COMPILER_APPICON_NAME = AppIcon;
				CODE_SIGN_STYLE = Automatic;
				DEVELOPMENT_TEAM = XX839W737T;
				INFOPLIST_FILE = traindeta/Info.plist;
				LD_RUNPATH_SEARCH_PATHS = (
					"$(inherited)",
					"@executable_path/Frameworks",
				);
				PRODUCT_BUNDLE_IDENTIFIER = l.traindeta;
				PRODUCT_NAME = "あらーむ";
				SWIFT_VERSION = 5.0;
				TARGETED_DEVICE_FAMILY = "1,2";
			};
			name = Release;
		};
/* End XCBuildConfiguration section */

/* Begin XCConfigurationList section */
		1C85655E2347059B0022B6D5 /* Build configuration list for PBXProject "traindeta" */ = {
			isa = XCConfigurationList;
			buildConfigurations = (
				1C8565752347059E0022B6D5 /* Debug */,
				1C8565762347059E0022B6D5 /* Release */,
			);
			defaultConfigurationIsVisible = 0;
			defaultConfigurationName = Release;
		};
		1C8565772347059E0022B6D5 /* Build configuration list for PBXNativeTarget "traindeta" */ = {
			isa = XCConfigurationList;
			buildConfigurations = (
				1C8565782347059E0022B6D5 /* Debug */,
				1C8565792347059E0022B6D5 /* Release */,
			);
			defaultConfigurationIsVisible = 0;
			defaultConfigurationName = Release;
		};
/* End XCConfigurationList section */
	};
	rootObject = 1C85655B2347059B0022B6D5 /* Project object */;
}
